# THIS IS AN AUTOGENERATED FILE. DO NOT EDIT THIS FILE DIRECTLY.
# yarn lockfile v1


"@discoveryjs/json-ext@^0.5.0":
  version "0.5.7"
  resolved "http://r.npm.sankuai.com/@discoveryjs/json-ext/download/@discoveryjs/json-ext-0.5.7.tgz#1d572bfbbe14b7704e0ba0f39b74815b84870d70"
  integrity sha1-HVcr+74Ut3BOC6Dzm3SBW4SHDXA=

"@jridgewell/gen-mapping@^0.3.0":
  version "0.3.1"
  resolved "http://r.npm.sankuai.com/@jridgewell/gen-mapping/download/@jridgewell/gen-mapping-0.3.1.tgz#cf92a983c83466b8c0ce9124fadeaf09f7c66ea9"
  integrity sha1-z5Kpg8g0ZrjAzpEk+t6vCffGbqk=
  dependencies:
    "@jridgewell/set-array" "^1.0.0"
    "@jridgewell/sourcemap-codec" "^1.4.10"
    "@jridgewell/trace-mapping" "^0.3.9"

"@jridgewell/resolve-uri@^3.0.3":
  version "3.0.7"
  resolved "http://r.npm.sankuai.com/@jridgewell/resolve-uri/download/@jridgewell/resolve-uri-3.0.7.tgz#30cd49820a962aff48c8fffc5cd760151fca61fe"
  integrity sha1-MM1JggqWKv9IyP/8XNdgFR/KYf4=

"@jridgewell/set-array@^1.0.0":
  version "1.1.1"
  resolved "http://r.npm.sankuai.com/@jridgewell/set-array/download/@jridgewell/set-array-1.1.1.tgz#36a6acc93987adcf0ba50c66908bd0b70de8afea"
  integrity sha1-NqasyTmHrc8LpQxmkIvQtw3or+o=

"@jridgewell/source-map@^0.3.2":
  version "0.3.2"
  resolved "http://r.npm.sankuai.com/@jridgewell/source-map/download/@jridgewell/source-map-0.3.2.tgz#f45351aaed4527a298512ec72f81040c998580fb"
  integrity sha1-9FNRqu1FJ6KYUS7HL4EEDJmFgPs=
  dependencies:
    "@jridgewell/gen-mapping" "^0.3.0"
    "@jridgewell/trace-mapping" "^0.3.9"

"@jridgewell/sourcemap-codec@^1.4.10":
  version "1.4.13"
  resolved "http://r.npm.sankuai.com/@jridgewell/sourcemap-codec/download/@jridgewell/sourcemap-codec-1.4.13.tgz#b6461fb0c2964356c469e115f504c95ad97ab88c"
  integrity sha1-tkYfsMKWQ1bEaeEV9QTJWtl6uIw=

"@jridgewell/trace-mapping@^0.3.7", "@jridgewell/trace-mapping@^0.3.9":
  version "0.3.13"
  resolved "http://r.npm.sankuai.com/@jridgewell/trace-mapping/download/@jridgewell/trace-mapping-0.3.13.tgz#dcfe3e95f224c8fe97a87a5235defec999aa92ea"
  integrity sha1-3P4+lfIkyP6XqHpSNd7+yZmqkuo=
  dependencies:
    "@jridgewell/resolve-uri" "^3.0.3"
    "@jridgewell/sourcemap-codec" "^1.4.10"

"@types/eslint-scope@^3.7.3":
  version "3.7.3"
  resolved "http://r.npm.sankuai.com/@types/eslint-scope/download/@types/eslint-scope-3.7.3.tgz#125b88504b61e3c8bc6f870882003253005c3224"
  integrity sha1-EluIUEth48i8b4cIggAyUwBcMiQ=
  dependencies:
    "@types/eslint" "*"
    "@types/estree" "*"

"@types/eslint@*":
  version "8.4.1"
  resolved "http://r.npm.sankuai.com/@types/eslint/download/@types/eslint-8.4.1.tgz#c48251553e8759db9e656de3efc846954ac32304"
  integrity sha1-xIJRVT6HWdueZW3j78hGlUrDIwQ=
  dependencies:
    "@types/estree" "*"
    "@types/json-schema" "*"

"@types/estree@*", "@types/estree@^0.0.51":
  version "0.0.51"
  resolved "http://r.npm.sankuai.com/@types/estree/download/@types/estree-0.0.51.tgz#cfd70924a25a3fd32b218e5e420e6897e1ac4f40"
  integrity sha1-z9cJJKJaP9MrIY5eQg5ol+GsT0A=

"@types/json-schema@*", "@types/json-schema@^7.0.8":
  version "7.0.11"
  resolved "http://r.npm.sankuai.com/@types/json-schema/download/@types/json-schema-7.0.11.tgz#d421b6c527a3037f7c84433fd2c4229e016863d3"
  integrity sha1-1CG2xSejA398hEM/0sQingFoY9M=

"@types/node@*":
  version "17.0.41"
  resolved "http://r.npm.sankuai.com/@types/node/download/@types/node-17.0.41.tgz#1607b2fd3da014ae5d4d1b31bc792a39348dfb9b"
  integrity sha1-Fgey/T2gFK5dTRsxvHkqOTSN+5s=

"@webassemblyjs/ast@1.11.1":
  version "1.11.1"
  resolved "http://r.npm.sankuai.com/@webassemblyjs/ast/download/@webassemblyjs/ast-1.11.1.tgz#2bfd767eae1a6996f432ff7e8d7fc75679c0b6a7"
  integrity sha1-K/12fq4aaZb0Mv9+jX/HVnnAtqc=
  dependencies:
    "@webassemblyjs/helper-numbers" "1.11.1"
    "@webassemblyjs/helper-wasm-bytecode" "1.11.1"

"@webassemblyjs/floating-point-hex-parser@1.11.1":
  version "1.11.1"
  resolved "http://r.npm.sankuai.com/@webassemblyjs/floating-point-hex-parser/download/@webassemblyjs/floating-point-hex-parser-1.11.1.tgz#f6c61a705f0fd7a6aecaa4e8198f23d9dc179e4f"
  integrity sha1-9sYacF8P16auyqToGY8j2dwXnk8=

"@webassemblyjs/helper-api-error@1.11.1":
  version "1.11.1"
  resolved "http://r.npm.sankuai.com/@webassemblyjs/helper-api-error/download/@webassemblyjs/helper-api-error-1.11.1.tgz#1a63192d8788e5c012800ba6a7a46c705288fd16"
  integrity sha1-GmMZLYeI5cASgAump6RscFKI/RY=

"@webassemblyjs/helper-buffer@1.11.1":
  version "1.11.1"
  resolved "http://r.npm.sankuai.com/@webassemblyjs/helper-buffer/download/@webassemblyjs/helper-buffer-1.11.1.tgz#832a900eb444884cde9a7cad467f81500f5e5ab5"
  integrity sha1-gyqQDrREiEzemnytRn+BUA9eWrU=

"@webassemblyjs/helper-numbers@1.11.1":
  version "1.11.1"
  resolved "http://r.npm.sankuai.com/@webassemblyjs/helper-numbers/download/@webassemblyjs/helper-numbers-1.11.1.tgz#64d81da219fbbba1e3bd1bfc74f6e8c4e10a62ae"
  integrity sha1-ZNgdohn7u6HjvRv8dPboxOEKYq4=
  dependencies:
    "@webassemblyjs/floating-point-hex-parser" "1.11.1"
    "@webassemblyjs/helper-api-error" "1.11.1"
    "@xtuc/long" "4.2.2"

"@webassemblyjs/helper-wasm-bytecode@1.11.1":
  version "1.11.1"
  resolved "http://r.npm.sankuai.com/@webassemblyjs/helper-wasm-bytecode/download/@webassemblyjs/helper-wasm-bytecode-1.11.1.tgz#f328241e41e7b199d0b20c18e88429c4433295e1"
  integrity sha1-8ygkHkHnsZnQsgwY6IQpxEMyleE=

"@webassemblyjs/helper-wasm-section@1.11.1":
  version "1.11.1"
  resolved "http://r.npm.sankuai.com/@webassemblyjs/helper-wasm-section/download/@webassemblyjs/helper-wasm-section-1.11.1.tgz#21ee065a7b635f319e738f0dd73bfbda281c097a"
  integrity sha1-Ie4GWntjXzGec48N1zv72igcCXo=
  dependencies:
    "@webassemblyjs/ast" "1.11.1"
    "@webassemblyjs/helper-buffer" "1.11.1"
    "@webassemblyjs/helper-wasm-bytecode" "1.11.1"
    "@webassemblyjs/wasm-gen" "1.11.1"

"@webassemblyjs/ieee754@1.11.1":
  version "1.11.1"
  resolved "http://r.npm.sankuai.com/@webassemblyjs/ieee754/download/@webassemblyjs/ieee754-1.11.1.tgz#963929e9bbd05709e7e12243a099180812992614"
  integrity sha1-ljkp6bvQVwnn4SJDoJkYCBKZJhQ=
  dependencies:
    "@xtuc/ieee754" "^1.2.0"

"@webassemblyjs/leb128@1.11.1":
  version "1.11.1"
  resolved "http://r.npm.sankuai.com/@webassemblyjs/leb128/download/@webassemblyjs/leb128-1.11.1.tgz#ce814b45574e93d76bae1fb2644ab9cdd9527aa5"
  integrity sha1-zoFLRVdOk9drrh+yZEq5zdlSeqU=
  dependencies:
    "@xtuc/long" "4.2.2"

"@webassemblyjs/utf8@1.11.1":
  version "1.11.1"
  resolved "http://r.npm.sankuai.com/@webassemblyjs/utf8/download/@webassemblyjs/utf8-1.11.1.tgz#d1f8b764369e7c6e6bae350e854dec9a59f0a3ff"
  integrity sha1-0fi3ZDaefG5rrjUOhU3smlnwo/8=

"@webassemblyjs/wasm-edit@1.11.1":
  version "1.11.1"
  resolved "http://r.npm.sankuai.com/@webassemblyjs/wasm-edit/download/@webassemblyjs/wasm-edit-1.11.1.tgz#ad206ebf4bf95a058ce9880a8c092c5dec8193d6"
  integrity sha1-rSBuv0v5WgWM6YgKjAksXeyBk9Y=
  dependencies:
    "@webassemblyjs/ast" "1.11.1"
    "@webassemblyjs/helper-buffer" "1.11.1"
    "@webassemblyjs/helper-wasm-bytecode" "1.11.1"
    "@webassemblyjs/helper-wasm-section" "1.11.1"
    "@webassemblyjs/wasm-gen" "1.11.1"
    "@webassemblyjs/wasm-opt" "1.11.1"
    "@webassemblyjs/wasm-parser" "1.11.1"
    "@webassemblyjs/wast-printer" "1.11.1"

"@webassemblyjs/wasm-gen@1.11.1":
  version "1.11.1"
  resolved "http://r.npm.sankuai.com/@webassemblyjs/wasm-gen/download/@webassemblyjs/wasm-gen-1.11.1.tgz#86c5ea304849759b7d88c47a32f4f039ae3c8f76"
  integrity sha1-hsXqMEhJdZt9iMR6MvTwOa48j3Y=
  dependencies:
    "@webassemblyjs/ast" "1.11.1"
    "@webassemblyjs/helper-wasm-bytecode" "1.11.1"
    "@webassemblyjs/ieee754" "1.11.1"
    "@webassemblyjs/leb128" "1.11.1"
    "@webassemblyjs/utf8" "1.11.1"

"@webassemblyjs/wasm-opt@1.11.1":
  version "1.11.1"
  resolved "http://r.npm.sankuai.com/@webassemblyjs/wasm-opt/download/@webassemblyjs/wasm-opt-1.11.1.tgz#657b4c2202f4cf3b345f8a4c6461c8c2418985f2"
  integrity sha1-ZXtMIgL0zzs0X4pMZGHIwkGJhfI=
  dependencies:
    "@webassemblyjs/ast" "1.11.1"
    "@webassemblyjs/helper-buffer" "1.11.1"
    "@webassemblyjs/wasm-gen" "1.11.1"
    "@webassemblyjs/wasm-parser" "1.11.1"

"@webassemblyjs/wasm-parser@1.11.1":
  version "1.11.1"
  resolved "http://r.npm.sankuai.com/@webassemblyjs/wasm-parser/download/@webassemblyjs/wasm-parser-1.11.1.tgz#86ca734534f417e9bd3c67c7a1c75d8be41fb199"
  integrity sha1-hspzRTT0F+m9PGfHocddi+QfsZk=
  dependencies:
    "@webassemblyjs/ast" "1.11.1"
    "@webassemblyjs/helper-api-error" "1.11.1"
    "@webassemblyjs/helper-wasm-bytecode" "1.11.1"
    "@webassemblyjs/ieee754" "1.11.1"
    "@webassemblyjs/leb128" "1.11.1"
    "@webassemblyjs/utf8" "1.11.1"

"@webassemblyjs/wast-printer@1.11.1":
  version "1.11.1"
  resolved "http://r.npm.sankuai.com/@webassemblyjs/wast-printer/download/@webassemblyjs/wast-printer-1.11.1.tgz#d0c73beda8eec5426f10ae8ef55cee5e7084c2f0"
  integrity sha1-0Mc77ajuxUJvEK6O9VzuXnCEwvA=
  dependencies:
    "@webassemblyjs/ast" "1.11.1"
    "@xtuc/long" "4.2.2"

"@webpack-cli/configtest@^1.1.1":
  version "1.1.1"
  resolved "http://r.npm.sankuai.com/@webpack-cli/configtest/download/@webpack-cli/configtest-1.1.1.tgz#9f53b1b7946a6efc2a749095a4f450e2932e8356"
  integrity sha1-n1Oxt5RqbvwqdJCVpPRQ4pMug1Y=

"@webpack-cli/info@^1.4.1":
  version "1.4.1"
  resolved "http://r.npm.sankuai.com/@webpack-cli/info/download/@webpack-cli/info-1.4.1.tgz#2360ea1710cbbb97ff156a3f0f24556e0fc1ebea"
  integrity sha1-I2DqFxDLu5f/FWo/DyRVbg/B6+o=
  dependencies:
    envinfo "^7.7.3"

"@webpack-cli/serve@^1.6.1":
  version "1.6.1"
  resolved "http://r.npm.sankuai.com/@webpack-cli/serve/download/@webpack-cli/serve-1.6.1.tgz#0de2875ac31b46b6c5bb1ae0a7d7f0ba5678dffe"
  integrity sha1-DeKHWsMbRrbFuxrgp9fwulZ43/4=

"@xtuc/ieee754@^1.2.0":
  version "1.2.0"
  resolved "http://r.npm.sankuai.com/@xtuc/ieee754/download/@xtuc/ieee754-1.2.0.tgz#eef014a3145ae477a1cbc00cd1e552336dceb790"
  integrity sha1-7vAUoxRa5Hehy8AM0eVSM23Ot5A=

"@xtuc/long@4.2.2":
  version "4.2.2"
  resolved "http://r.npm.sankuai.com/@xtuc/long/download/@xtuc/long-4.2.2.tgz#d291c6a4e97989b5c61d9acf396ae4fe133a718d"
  integrity sha1-0pHGpOl5ibXGHZrPOWrk/hM6cY0=

acorn-import-assertions@^1.7.6:
  version "1.8.0"
  resolved "http://r.npm.sankuai.com/acorn-import-assertions/download/acorn-import-assertions-1.8.0.tgz#ba2b5939ce62c238db6d93d81c9b111b29b855e9"
  integrity sha1-uitZOc5iwjjbbZPYHJsRGym4Vek=

acorn@^8.4.1, acorn@^8.5.0:
  version "8.7.1"
  resolved "http://r.npm.sankuai.com/acorn/download/acorn-8.7.1.tgz#0197122c843d1bf6d0a5e83220a788f278f63c30"
  integrity sha1-AZcSLIQ9G/bQpegyIKeI8nj2PDA=

ajv-keywords@^3.5.2:
  version "3.5.2"
  resolved "http://r.npm.sankuai.com/ajv-keywords/download/ajv-keywords-3.5.2.tgz#31f29da5ab6e00d1c2d329acf7b5929614d5014d"
  integrity sha1-MfKdpatuANHC0yms97WSlhTVAU0=

ajv@^6.12.5:
  version "6.12.6"
  resolved "http://r.npm.sankuai.com/ajv/download/ajv-6.12.6.tgz#baf5a62e802b07d977034586f8c3baf5adf26df4"
  integrity sha1-uvWmLoArB9l3A0WG+MO69a3ybfQ=
  dependencies:
    fast-deep-equal "^3.1.1"
    fast-json-stable-stringify "^2.0.0"
    json-schema-traverse "^0.4.1"
    uri-js "^4.2.2"

big.js@^5.2.2:
  version "5.2.2"
  resolved "http://r.npm.sankuai.com/big.js/download/big.js-5.2.2.tgz#65f0af382f578bcdc742bd9c281e9cb2d7768328"
  integrity sha1-ZfCvOC9Xi83HQr2cKB6cstd2gyg=

browserslist@^4.14.5:
  version "4.20.4"
  resolved "http://r.npm.sankuai.com/browserslist/download/browserslist-4.20.4.tgz#98096c9042af689ee1e0271333dbc564b8ce4477"
  integrity sha1-mAlskEKvaJ7h4CcTM9vFZLjORHc=
  dependencies:
    caniuse-lite "^1.0.30001349"
    electron-to-chromium "^1.4.147"
    escalade "^3.1.1"
    node-releases "^2.0.5"
    picocolors "^1.0.0"

buffer-from@^1.0.0:
  version "1.1.2"
  resolved "http://r.npm.sankuai.com/buffer-from/download/buffer-from-1.1.2.tgz#2b146a6fd72e80b4f55d255f35ed59a3a9a41bd5"
  integrity sha1-KxRqb9cugLT1XSVfNe1Zo6mkG9U=

caniuse-lite@^1.0.30001349:
  version "1.0.30001350"
  resolved "http://r.npm.sankuai.com/caniuse-lite/download/caniuse-lite-1.0.30001350.tgz#f0acc6472469d066a4357765eb73be5973eda918"
  integrity sha1-8KzGRyRp0GakNXdl63O+WXPtqRg=

chrome-trace-event@^1.0.2:
  version "1.0.3"
  resolved "http://r.npm.sankuai.com/chrome-trace-event/download/chrome-trace-event-1.0.3.tgz#1015eced4741e15d06664a957dbbf50d041e26ac"
  integrity sha1-EBXs7UdB4V0GZkqVfbv1DQQeJqw=

clone-deep@^4.0.1:
  version "4.0.1"
  resolved "http://r.npm.sankuai.com/clone-deep/download/clone-deep-4.0.1.tgz#c19fd9bdbbf85942b4fd979c84dcf7d5f07c2387"
  integrity sha1-wZ/Zvbv4WUK0/ZechNz31fB8I4c=
  dependencies:
    is-plain-object "^2.0.4"
    kind-of "^6.0.2"
    shallow-clone "^3.0.0"

colorette@^2.0.14:
  version "2.0.17"
  resolved "http://r.npm.sankuai.com/colorette/download/colorette-2.0.17.tgz#5dd4c0d15e2984b7433cb4a9f2ead45063b80c47"
  integrity sha1-XdTA0V4phLdDPLSp8urUUGO4DEc=

commander@^2.20.0:
  version "2.20.3"
  resolved "http://r.npm.sankuai.com/commander/download/commander-2.20.3.tgz#fd485e84c03eb4881c20722ba48035e8531aeb33"
  integrity sha1-/UhehMA+tIgcIHIrpIA16FMa6zM=

commander@^7.0.0:
  version "7.2.0"
  resolved "http://r.npm.sankuai.com/commander/download/commander-7.2.0.tgz#a36cb57d0b501ce108e4d20559a150a391d97ab7"
  integrity sha1-o2y1fQtQHOEI5NIFWaFQo5HZerc=

cross-spawn@^7.0.3:
  version "7.0.3"
  resolved "http://r.npm.sankuai.com/cross-spawn/download/cross-spawn-7.0.3.tgz#f73a85b9d5d41d045551c177e2882d4ac85728a6"
  integrity sha1-9zqFudXUHQRVUcF34ogtSshXKKY=
  dependencies:
    path-key "^3.1.0"
    shebang-command "^2.0.0"
    which "^2.0.1"

electron-to-chromium@^1.4.147:
  version "1.4.148"
  resolved "http://r.npm.sankuai.com/electron-to-chromium/download/electron-to-chromium-1.4.148.tgz#437430e03c58ccd1d05701f66980afe54d2253ec"
  integrity sha1-Q3Qw4DxYzNHQVwH2aYCv5U0iU+w=

emojis-list@^3.0.0:
  version "3.0.0"
  resolved "http://r.npm.sankuai.com/emojis-list/download/emojis-list-3.0.0.tgz#5570662046ad29e2e916e71aae260abdff4f6a78"
  integrity sha1-VXBmIEatKeLpFucariYKvf9Pang=

enhanced-resolve@^5.9.3:
  version "5.9.3"
  resolved "http://r.npm.sankuai.com/enhanced-resolve/download/enhanced-resolve-5.9.3.tgz#44a342c012cbc473254af5cc6ae20ebd0aae5d88"
  integrity sha1-RKNCwBLLxHMlSvXMauIOvQquXYg=
  dependencies:
    graceful-fs "^4.2.4"
    tapable "^2.2.0"

envinfo@^7.7.3:
  version "7.8.1"
  resolved "http://r.npm.sankuai.com/envinfo/download/envinfo-7.8.1.tgz#06377e3e5f4d379fea7ac592d5ad8927e0c4d475"
  integrity sha1-Bjd+Pl9NN5/qesWS1a2JJ+DE1HU=

es-module-lexer@^0.9.0:
  version "0.9.3"
  resolved "http://r.npm.sankuai.com/es-module-lexer/download/es-module-lexer-0.9.3.tgz#6f13db00cc38417137daf74366f535c8eb438f19"
  integrity sha1-bxPbAMw4QXE32vdDZvU1yOtDjxk=

esbuild-android-64@0.14.43:
  version "0.14.43"
  resolved "http://r.npm.sankuai.com/esbuild-android-64/download/esbuild-android-64-0.14.43.tgz#59bf3edad6863c27aa92bbb5c1d83a9a5c981495"
  integrity sha1-Wb8+2taGPCeqkru1wdg6mlyYFJU=

esbuild-android-arm64@0.14.43:
  version "0.14.43"
  resolved "http://r.npm.sankuai.com/esbuild-android-arm64/download/esbuild-android-arm64-0.14.43.tgz#0258704edf92ce2463af6d2900b844b5423bed63"
  integrity sha1-AlhwTt+SziRjr20pALhEtUI77WM=

esbuild-darwin-64@0.14.43:
  version "0.14.43"
  resolved "http://r.npm.sankuai.com/esbuild-darwin-64/download/esbuild-darwin-64-0.14.43.tgz#72a47295678d4aa0656979baa8cf6d5c8c92656f"
  integrity sha1-cqRylWeNSqBlaXm6qM9tXIySZW8=

esbuild-darwin-arm64@0.14.43:
  version "0.14.43"
  resolved "http://r.npm.sankuai.com/esbuild-darwin-arm64/download/esbuild-darwin-arm64-0.14.43.tgz#5f5823170b8d85b888957f0794e186caac447aca"
  integrity sha1-X1gjFwuNhbiIlX8HlOGGyqxEeso=

esbuild-freebsd-64@0.14.43:
  version "0.14.43"
  resolved "http://r.npm.sankuai.com/esbuild-freebsd-64/download/esbuild-freebsd-64-0.14.43.tgz#e4a48b08181053837e6cd9bda19ae0af94d493b0"
  integrity sha1-5KSLCBgQU4N+bNm9oZrgr5TUk7A=

esbuild-freebsd-arm64@0.14.43:
  version "0.14.43"
  resolved "http://r.npm.sankuai.com/esbuild-freebsd-arm64/download/esbuild-freebsd-arm64-0.14.43.tgz#386e780d36c1dedf3a1cdab79e0bbacd873274e6"
  integrity sha1-OG54DTbB3t86HNq3ngu6zYcydOY=

esbuild-linux-32@0.14.43:
  version "0.14.43"
  resolved "http://r.npm.sankuai.com/esbuild-linux-32/download/esbuild-linux-32-0.14.43.tgz#040ed6b9ebf06d73acdf2acce7f1cd0c12fbc6a5"
  integrity sha1-BA7WuevwbXOs3yrM5/HNDBL7xqU=

esbuild-linux-64@0.14.43:
  version "0.14.43"
  resolved "http://r.npm.sankuai.com/esbuild-linux-64/download/esbuild-linux-64-0.14.43.tgz#8abbb7594ab6a008f2aae72d95d8a4fdc59d9000"
  integrity sha1-iru3WUq2oAjyquctldik/cWdkAA=

esbuild-linux-arm64@0.14.43:
  version "0.14.43"
  resolved "http://r.npm.sankuai.com/esbuild-linux-arm64/download/esbuild-linux-arm64-0.14.43.tgz#4e8e9ce77cbf7efec65e79e512b3d2fbd2da398f"
  integrity sha1-To6c53y/fv7GXnnlErPS+9LaOY8=

esbuild-linux-arm@0.14.43:
  version "0.14.43"
  resolved "http://r.npm.sankuai.com/esbuild-linux-arm/download/esbuild-linux-arm-0.14.43.tgz#9e41ee5e099c0ffdfd150da154330c2c0226cc96"
  integrity sha1-nkHuXgmcD/39FQ2hVDMMLAImzJY=

esbuild-linux-mips64le@0.14.43:
  version "0.14.43"
  resolved "http://r.npm.sankuai.com/esbuild-linux-mips64le/download/esbuild-linux-mips64le-0.14.43.tgz#4b41f465a787f91cc4fe7dffa0dcabf655935a1a"
  integrity sha1-S0H0ZaeH+RzE/n3/oNyr9lWTWho=

esbuild-linux-ppc64le@0.14.43:
  version "0.14.43"
  resolved "http://r.npm.sankuai.com/esbuild-linux-ppc64le/download/esbuild-linux-ppc64le-0.14.43.tgz#ca15934f5b46728dd9ac05270e783e7feaca9eaf"
  integrity sha1-yhWTT1tGco3ZrAUnDng+f+rKnq8=

esbuild-linux-riscv64@0.14.43:
  version "0.14.43"
  resolved "http://r.npm.sankuai.com/esbuild-linux-riscv64/download/esbuild-linux-riscv64-0.14.43.tgz#70fce2b5a0605a67e58b5a357b0e00be1029836d"
  integrity sha1-cPzitaBgWmfli1o1ew4AvhApg20=

esbuild-linux-s390x@0.14.43:
  version "0.14.43"
  resolved "http://r.npm.sankuai.com/esbuild-linux-s390x/download/esbuild-linux-s390x-0.14.43.tgz#318d03b4f4ccc7fa44ac7562121cf4a4529e477a"
  integrity sha1-MY0DtPTMx/pErHViEhz0pFKeR3o=

esbuild-loader@^2.18.0:
  version "2.18.0"
  resolved "http://r.npm.sankuai.com/esbuild-loader/download/esbuild-loader-2.18.0.tgz#7b9548578ab954574fd94655693d22aa5ec74120"
  integrity sha1-e5VIV4q5VFdP2UZVaT0iql7HQSA=
  dependencies:
    esbuild "^0.14.6"
    joycon "^3.0.1"
    json5 "^2.2.0"
    loader-utils "^2.0.0"
    tapable "^2.2.0"
    webpack-sources "^2.2.0"

esbuild-netbsd-64@0.14.43:
  version "0.14.43"
  resolved "http://r.npm.sankuai.com/esbuild-netbsd-64/download/esbuild-netbsd-64-0.14.43.tgz#86130ce204ef0162a96e863b55851efecc92f423"
  integrity sha1-hhMM4gTvAWKpboY7VYUe/syS9CM=

esbuild-openbsd-64@0.14.43:
  version "0.14.43"
  resolved "http://r.npm.sankuai.com/esbuild-openbsd-64/download/esbuild-openbsd-64-0.14.43.tgz#0229dc2db2ded97b03bb93bba7646b30ffdf5d0d"
  integrity sha1-AincLbLe2XsDu5O7p2RrMP/fXQ0=

esbuild-sunos-64@0.14.43:
  version "0.14.43"
  resolved "http://r.npm.sankuai.com/esbuild-sunos-64/download/esbuild-sunos-64-0.14.43.tgz#17e316216eb9f1de25d52a9000356ae5b869e736"
  integrity sha1-F+MWIW658d4l1SqQADVq5bhp5zY=

esbuild-windows-32@0.14.43:
  version "0.14.43"
  resolved "http://r.npm.sankuai.com/esbuild-windows-32/download/esbuild-windows-32-0.14.43.tgz#a173757bc6dfd0f2656ff40b64f7f9290745778e"
  integrity sha1-oXN1e8bf0PJlb/QLZPf5KQdFd44=

esbuild-windows-64@0.14.43:
  version "0.14.43"
  resolved "http://r.npm.sankuai.com/esbuild-windows-64/download/esbuild-windows-64-0.14.43.tgz#c447b23126aad158c4fe6a394342cafd97926ed1"
  integrity sha1-xEeyMSaq0VjE/mo5Q0LK/ZeSbtE=

esbuild-windows-arm64@0.14.43:
  version "0.14.43"
  resolved "http://r.npm.sankuai.com/esbuild-windows-arm64/download/esbuild-windows-arm64-0.14.43.tgz#3caed1b430d394d7a7836407b9d36c4750246e76"
  integrity sha1-PK7RtDDTlNeng2QHudNsR1AkbnY=

esbuild@^0.14.6:
  version "0.14.43"
  resolved "http://r.npm.sankuai.com/esbuild/download/esbuild-0.14.43.tgz#c227d585c512d3e0f23b88f50b8e16501147f647"
  integrity sha1-wifVhcUS0+DyO4j1C44WUBFH9kc=
  optionalDependencies:
    esbuild-android-64 "0.14.43"
    esbuild-android-arm64 "0.14.43"
    esbuild-darwin-64 "0.14.43"
    esbuild-darwin-arm64 "0.14.43"
    esbuild-freebsd-64 "0.14.43"
    esbuild-freebsd-arm64 "0.14.43"
    esbuild-linux-32 "0.14.43"
    esbuild-linux-64 "0.14.43"
    esbuild-linux-arm "0.14.43"
    esbuild-linux-arm64 "0.14.43"
    esbuild-linux-mips64le "0.14.43"
    esbuild-linux-ppc64le "0.14.43"
    esbuild-linux-riscv64 "0.14.43"
    esbuild-linux-s390x "0.14.43"
    esbuild-netbsd-64 "0.14.43"
    esbuild-openbsd-64 "0.14.43"
    esbuild-sunos-64 "0.14.43"
    esbuild-windows-32 "0.14.43"
    esbuild-windows-64 "0.14.43"
    esbuild-windows-arm64 "0.14.43"

escalade@^3.1.1:
  version "3.1.1"
  resolved "http://r.npm.sankuai.com/escalade/download/escalade-3.1.1.tgz#d8cfdc7000965c5a0174b4a82eaa5c0552742e40"
  integrity sha1-2M/ccACWXFoBdLSoLqpcBVJ0LkA=

eslint-scope@5.1.1:
  version "5.1.1"
  resolved "http://r.npm.sankuai.com/eslint-scope/download/eslint-scope-5.1.1.tgz#e786e59a66cb92b3f6c1fb0d508aab174848f48c"
  integrity sha1-54blmmbLkrP2wfsNUIqrF0hI9Iw=
  dependencies:
    esrecurse "^4.3.0"
    estraverse "^4.1.1"

esrecurse@^4.3.0:
  version "4.3.0"
  resolved "http://r.npm.sankuai.com/esrecurse/download/esrecurse-4.3.0.tgz#7ad7964d679abb28bee72cec63758b1c5d2c9921"
  integrity sha1-eteWTWeauyi+5yzsY3WLHF0smSE=
  dependencies:
    estraverse "^5.2.0"

estraverse@^4.1.1:
  version "4.3.0"
  resolved "http://r.npm.sankuai.com/estraverse/download/estraverse-4.3.0.tgz#398ad3f3c5a24948be7725e83d11a7de28cdbd1d"
  integrity sha1-OYrT88WiSUi+dyXoPRGn3ijNvR0=

estraverse@^5.2.0:
  version "5.3.0"
  resolved "http://r.npm.sankuai.com/estraverse/download/estraverse-5.3.0.tgz#2eea5290702f26ab8fe5370370ff86c965d21123"
  integrity sha1-LupSkHAvJquP5TcDcP+GyWXSESM=

events@^3.2.0:
  version "3.3.0"
  resolved "http://r.npm.sankuai.com/events/download/events-3.3.0.tgz#31a95ad0a924e2d2c419a813aeb2c4e878ea7400"
  integrity sha1-Mala0Kkk4tLEGagTrrLE6HjqdAA=

execa@^5.0.0:
  version "5.1.1"
  resolved "http://r.npm.sankuai.com/execa/download/execa-5.1.1.tgz#f80ad9cbf4298f7bd1d4c9555c21e93741c411dd"
  integrity sha1-+ArZy/Qpj3vR1MlVXCHpN0HEEd0=
  dependencies:
    cross-spawn "^7.0.3"
    get-stream "^6.0.0"
    human-signals "^2.1.0"
    is-stream "^2.0.0"
    merge-stream "^2.0.0"
    npm-run-path "^4.0.1"
    onetime "^5.1.2"
    signal-exit "^3.0.3"
    strip-final-newline "^2.0.0"

fast-deep-equal@^3.1.1:
  version "3.1.3"
  resolved "http://r.npm.sankuai.com/fast-deep-equal/download/fast-deep-equal-3.1.3.tgz#3a7d56b559d6cbc3eb512325244e619a65c6c525"
  integrity sha1-On1WtVnWy8PrUSMlJE5hmmXGxSU=

fast-json-stable-stringify@^2.0.0:
  version "2.1.0"
  resolved "http://r.npm.sankuai.com/fast-json-stable-stringify/download/fast-json-stable-stringify-2.1.0.tgz#874bf69c6f404c2b5d99c481341399fd55892633"
  integrity sha1-h0v2nG9ATCtdmcSBNBOZ/VWJJjM=

fastest-levenshtein@^1.0.12:
  version "1.0.12"
  resolved "http://r.npm.sankuai.com/fastest-levenshtein/download/fastest-levenshtein-1.0.12.tgz#9990f7d3a88cc5a9ffd1f1745745251700d497e2"
  integrity sha1-mZD306iMxan/0fF0V0UlFwDUl+I=

find-up@^4.0.0:
  version "4.1.0"
  resolved "http://r.npm.sankuai.com/find-up/download/find-up-4.1.0.tgz#97afe7d6cdc0bc5928584b7c8d7b16e8a9aa5d19"
  integrity sha1-l6/n1s3AvFkoWEt8jXsW6KmqXRk=
  dependencies:
    locate-path "^5.0.0"
    path-exists "^4.0.0"

function-bind@^1.1.1:
  version "1.1.1"
  resolved "http://r.npm.sankuai.com/function-bind/download/function-bind-1.1.1.tgz#a56899d3ea3c9bab874bb9773b7c5ede92f4895d"
  integrity sha1-pWiZ0+o8m6uHS7l3O3xe3pL0iV0=

get-stream@^6.0.0:
  version "6.0.1"
  resolved "http://r.npm.sankuai.com/get-stream/download/get-stream-6.0.1.tgz#a262d8eef67aced57c2852ad6167526a43cbf7b7"
  integrity sha1-omLY7vZ6ztV8KFKtYWdSakPL97c=

glob-to-regexp@^0.4.1:
  version "0.4.1"
  resolved "http://r.npm.sankuai.com/glob-to-regexp/download/glob-to-regexp-0.4.1.tgz#c75297087c851b9a578bd217dd59a92f59fe546e"
  integrity sha1-x1KXCHyFG5pXi9IX3VmpL1n+VG4=

graceful-fs@^4.1.2, graceful-fs@^4.2.4, graceful-fs@^4.2.9:
  version "4.2.10"
  resolved "http://r.npm.sankuai.com/graceful-fs/download/graceful-fs-4.2.10.tgz#147d3a006da4ca3ce14728c7aefc287c367d7a6c"
  integrity sha1-FH06AG2kyjzhRyjHrvwofDZ9emw=

has-flag@^4.0.0:
  version "4.0.0"
  resolved "http://r.npm.sankuai.com/has-flag/download/has-flag-4.0.0.tgz#944771fd9c81c81265c4d6941860da06bb59479b"
  integrity sha1-lEdx/ZyByBJlxNaUGGDaBrtZR5s=

has@^1.0.3:
  version "1.0.3"
  resolved "http://r.npm.sankuai.com/has/download/has-1.0.3.tgz#722d7cbfc1f6aa8241f16dd814e011e1f41e8796"
  integrity sha1-ci18v8H2qoJB8W3YFOAR4fQeh5Y=
  dependencies:
    function-bind "^1.1.1"

human-signals@^2.1.0:
  version "2.1.0"
  resolved "http://r.npm.sankuai.com/human-signals/download/human-signals-2.1.0.tgz#dc91fcba42e4d06e4abaed33b3e7a3c02f514ea0"
  integrity sha1-3JH8ukLk0G5Kuu0zs+ejwC9RTqA=

import-local@^3.0.2:
  version "3.1.0"
  resolved "http://r.npm.sankuai.com/import-local/download/import-local-3.1.0.tgz#b4479df8a5fd44f6cdce24070675676063c95cb4"
  integrity sha1-tEed+KX9RPbNziQHBnVnYGPJXLQ=
  dependencies:
    pkg-dir "^4.2.0"
    resolve-cwd "^3.0.0"

interpret@^2.2.0:
  version "2.2.0"
  resolved "http://r.npm.sankuai.com/interpret/download/interpret-2.2.0.tgz#1a78a0b5965c40a5416d007ad6f50ad27c417df9"
  integrity sha1-GnigtZZcQKVBbQB61vUK0nxBffk=

is-core-module@^2.8.1:
  version "2.9.0"
  resolved "http://r.npm.sankuai.com/is-core-module/download/is-core-module-2.9.0.tgz#e1c34429cd51c6dd9e09e0799e396e27b19a9c69"
  integrity sha1-4cNEKc1Rxt2eCeB5njluJ7GanGk=
  dependencies:
    has "^1.0.3"

is-plain-object@^2.0.4:
  version "2.0.4"
  resolved "http://r.npm.sankuai.com/is-plain-object/download/is-plain-object-2.0.4.tgz#2c163b3fafb1b606d9d17928f05c2a1c38e07677"
  integrity sha1-LBY7P6+xtgbZ0Xko8FwqHDjgdnc=
  dependencies:
    isobject "^3.0.1"

is-stream@^2.0.0:
  version "2.0.1"
  resolved "http://r.npm.sankuai.com/is-stream/download/is-stream-2.0.1.tgz#fac1e3d53b97ad5a9d0ae9cef2389f5810a5c077"
  integrity sha1-+sHj1TuXrVqdCunO8jifWBClwHc=

isexe@^2.0.0:
  version "2.0.0"
  resolved "http://r.npm.sankuai.com/isexe/download/isexe-2.0.0.tgz#e8fbf374dc556ff8947a10dcb0572d633f2cfa10"
  integrity sha1-6PvzdNxVb/iUehDcsFctYz8s+hA=

isobject@^3.0.1:
  version "3.0.1"
  resolved "http://r.npm.sankuai.com/isobject/download/isobject-3.0.1.tgz#4e431e92b11a9731636aa1f9c8d1ccbcfdab78df"
  integrity sha1-TkMekrEalzFjaqH5yNHMvP2reN8=

jest-worker@^27.4.5:
  version "27.5.1"
  resolved "http://r.npm.sankuai.com/jest-worker/download/jest-worker-27.5.1.tgz#8d146f0900e8973b106b6f73cc1e9a8cb86f8db0"
  integrity sha1-jRRvCQDolzsQa29zzB6ajLhvjbA=
  dependencies:
    "@types/node" "*"
    merge-stream "^2.0.0"
    supports-color "^8.0.0"

joycon@^3.0.1:
  version "3.1.1"
  resolved "http://r.npm.sankuai.com/joycon/download/joycon-3.1.1.tgz#bce8596d6ae808f8b68168f5fc69280996894f03"
  integrity sha1-vOhZbWroCPi2gWj1/GkoCZaJTwM=

json-parse-even-better-errors@^2.3.1:
  version "2.3.1"
  resolved "http://r.npm.sankuai.com/json-parse-even-better-errors/download/json-parse-even-better-errors-2.3.1.tgz#7c47805a94319928e05777405dc12e1f7a4ee02d"
  integrity sha1-fEeAWpQxmSjgV3dAXcEuH3pO4C0=

json-schema-traverse@^0.4.1:
  version "0.4.1"
  resolved "http://r.npm.sankuai.com/json-schema-traverse/download/json-schema-traverse-0.4.1.tgz#69f6a87d9513ab8bb8fe63bdb0979c448e684660"
  integrity sha1-afaofZUTq4u4/mO9sJecRI5oRmA=

json5@^2.1.2, json5@^2.2.0:
  version "2.2.1"
  resolved "http://r.npm.sankuai.com/json5/download/json5-2.2.1.tgz#655d50ed1e6f95ad1a3caababd2b0efda10b395c"
  integrity sha1-ZV1Q7R5vla0aPKq6vSsO/aELOVw=

kind-of@^6.0.2:
  version "6.0.3"
  resolved "http://r.npm.sankuai.com/kind-of/download/kind-of-6.0.3.tgz#07c05034a6c349fa06e24fa35aa76db4580ce4dd"
  integrity sha1-B8BQNKbDSfoG4k+jWqdttFgM5N0=

loader-runner@^4.2.0:
  version "4.3.0"
  resolved "http://r.npm.sankuai.com/loader-runner/download/loader-runner-4.3.0.tgz#c1b4a163b99f614830353b16755e7149ac2314e1"
  integrity sha1-wbShY7mfYUgwNTsWdV5xSawjFOE=

loader-utils@^2.0.0:
  version "2.0.2"
  resolved "http://r.npm.sankuai.com/loader-utils/download/loader-utils-2.0.2.tgz#d6e3b4fb81870721ae4e0868ab11dd638368c129"
  integrity sha1-1uO0+4GHByGuTghoqxHdY4NowSk=
  dependencies:
    big.js "^5.2.2"
    emojis-list "^3.0.0"
    json5 "^2.1.2"

locate-path@^5.0.0:
  version "5.0.0"
  resolved "http://r.npm.sankuai.com/locate-path/download/locate-path-5.0.0.tgz#1afba396afd676a6d42504d0a67a3a7eb9f62aa0"
  integrity sha1-Gvujlq/WdqbUJQTQpno6frn2KqA=
  dependencies:
    p-locate "^4.1.0"

merge-stream@^2.0.0:
  version "2.0.0"
  resolved "http://r.npm.sankuai.com/merge-stream/download/merge-stream-2.0.0.tgz#52823629a14dd00c9770fb6ad47dc6310f2c1f60"
  integrity sha1-UoI2KaFN0AyXcPtq1H3GMQ8sH2A=

mime-db@1.52.0:
  version "1.52.0"
  resolved "http://r.npm.sankuai.com/mime-db/download/mime-db-1.52.0.tgz#bbabcdc02859f4987301c856e3387ce5ec43bf70"
  integrity sha1-u6vNwChZ9JhzAchW4zh85exDv3A=

mime-types@^2.1.27:
  version "2.1.35"
  resolved "http://r.npm.sankuai.com/mime-types/download/mime-types-2.1.35.tgz#381a871b62a734450660ae3deee44813f70d959a"
  integrity sha1-OBqHG2KnNEUGYK497uRIE/cNlZo=
  dependencies:
    mime-db "1.52.0"

mimic-fn@^2.1.0:
  version "2.1.0"
  resolved "http://r.npm.sankuai.com/mimic-fn/download/mimic-fn-2.1.0.tgz#7ed2c2ccccaf84d3ffcb7a69b57711fc2083401b"
  integrity sha1-ftLCzMyvhNP/y3pptXcR/CCDQBs=

neo-async@^2.6.2:
  version "2.6.2"
  resolved "http://r.npm.sankuai.com/neo-async/download/neo-async-2.6.2.tgz#b4aafb93e3aeb2d8174ca53cf163ab7d7308305f"
  integrity sha1-tKr7k+OustgXTKU88WOrfXMIMF8=

node-releases@^2.0.5:
  version "2.0.5"
  resolved "http://r.npm.sankuai.com/node-releases/download/node-releases-2.0.5.tgz#280ed5bc3eba0d96ce44897d8aee478bfb3d9666"
  integrity sha1-KA7VvD66DZbORIl9iu5Hi/s9lmY=

npm-run-path@^4.0.1:
  version "4.0.1"
  resolved "http://r.npm.sankuai.com/npm-run-path/download/npm-run-path-4.0.1.tgz#b7ecd1e5ed53da8e37a55e1c2269e0b97ed748ea"
  integrity sha1-t+zR5e1T2o43pV4cImnguX7XSOo=
  dependencies:
    path-key "^3.0.0"

onetime@^5.1.2:
  version "5.1.2"
  resolved "http://r.npm.sankuai.com/onetime/download/onetime-5.1.2.tgz#d0e96ebb56b07476df1dd9c4806e5237985ca45e"
  integrity sha1-0Oluu1awdHbfHdnEgG5SN5hcpF4=
  dependencies:
    mimic-fn "^2.1.0"

p-limit@^2.2.0:
  version "2.3.0"
  resolved "http://r.npm.sankuai.com/p-limit/download/p-limit-2.3.0.tgz#3dd33c647a214fdfffd835933eb086da0dc21db1"
  integrity sha1-PdM8ZHohT9//2DWTPrCG2g3CHbE=
  dependencies:
    p-try "^2.0.0"

p-locate@^4.1.0:
  version "4.1.0"
  resolved "http://r.npm.sankuai.com/p-locate/download/p-locate-4.1.0.tgz#a3428bb7088b3a60292f66919278b7c297ad4f07"
  integrity sha1-o0KLtwiLOmApL2aRkni3wpetTwc=
  dependencies:
    p-limit "^2.2.0"

p-try@^2.0.0:
  version "2.2.0"
  resolved "http://r.npm.sankuai.com/p-try/download/p-try-2.2.0.tgz#cb2868540e313d61de58fafbe35ce9004d5540e6"
  integrity sha1-yyhoVA4xPWHeWPr741zpAE1VQOY=

path-exists@^4.0.0:
  version "4.0.0"
  resolved "http://r.npm.sankuai.com/path-exists/download/path-exists-4.0.0.tgz#513bdbe2d3b95d7762e8c1137efa195c6c61b5b3"
  integrity sha1-UTvb4tO5XXdi6METfvoZXGxhtbM=

path-key@^3.0.0, path-key@^3.1.0:
  version "3.1.1"
  resolved "http://r.npm.sankuai.com/path-key/download/path-key-3.1.1.tgz#581f6ade658cbba65a0d3380de7753295054f375"
  integrity sha1-WB9q3mWMu6ZaDTOA3ndTKVBU83U=

path-parse@^1.0.7:
  version "1.0.7"
  resolved "http://r.npm.sankuai.com/path-parse/download/path-parse-1.0.7.tgz#fbc114b60ca42b30d9daf5858e4bd68bbedb6735"
  integrity sha1-+8EUtgykKzDZ2vWFjkvWi77bZzU=

picocolors@^1.0.0:
  version "1.0.0"
  resolved "http://r.npm.sankuai.com/picocolors/download/picocolors-1.0.0.tgz#cb5bdc74ff3f51892236eaf79d68bc44564ab81c"
  integrity sha1-y1vcdP8/UYkiNur3nWi8RFZKuBw=

pkg-dir@^4.2.0:
  version "4.2.0"
  resolved "http://r.npm.sankuai.com/pkg-dir/download/pkg-dir-4.2.0.tgz#f099133df7ede422e81d1d8448270eeb3e4261f3"
  integrity sha1-8JkTPfft5CLoHR2ESCcO6z5CYfM=
  dependencies:
    find-up "^4.0.0"

punycode@^2.1.0:
  version "2.1.1"
  resolved "http://r.npm.sankuai.com/punycode/download/punycode-2.1.1.tgz#b58b010ac40c22c5657616c8d2c2c02c7bf479ec"
  integrity sha1-tYsBCsQMIsVldhbI0sLALHv0eew=

randombytes@^2.1.0:
  version "2.1.0"
  resolved "http://r.npm.sankuai.com/randombytes/download/randombytes-2.1.0.tgz#df6f84372f0270dc65cdf6291349ab7a473d4f2a"
  integrity sha1-32+ENy8CcNxlzfYpE0mrekc9Tyo=
  dependencies:
    safe-buffer "^5.1.0"

rechoir@^0.7.0:
  version "0.7.1"
  resolved "http://r.npm.sankuai.com/rechoir/download/rechoir-0.7.1.tgz#9478a96a1ca135b5e88fc027f03ee92d6c645686"
  integrity sha1-lHipahyhNbXoj8An8D7pLWxkVoY=
  dependencies:
    resolve "^1.9.0"

resolve-cwd@^3.0.0:
  version "3.0.0"
  resolved "http://r.npm.sankuai.com/resolve-cwd/download/resolve-cwd-3.0.0.tgz#0f0075f1bb2544766cf73ba6a6e2adfebcb13f2d"
  integrity sha1-DwB18bslRHZs9zumpuKt/ryxPy0=
  dependencies:
    resolve-from "^5.0.0"

resolve-from@^5.0.0:
  version "5.0.0"
  resolved "http://r.npm.sankuai.com/resolve-from/download/resolve-from-5.0.0.tgz#c35225843df8f776df21c57557bc087e9dfdfc69"
  integrity sha1-w1IlhD3493bfIcV1V7wIfp39/Gk=

resolve@^1.9.0:
  version "1.22.0"
  resolved "http://r.npm.sankuai.com/resolve/download/resolve-1.22.0.tgz#5e0b8c67c15df57a89bdbabe603a002f21731198"
  integrity sha1-XguMZ8Fd9XqJvbq+YDoALyFzEZg=
  dependencies:
    is-core-module "^2.8.1"
    path-parse "^1.0.7"
    supports-preserve-symlinks-flag "^1.0.0"

safe-buffer@^5.1.0:
  version "5.2.1"
  resolved "http://r.npm.sankuai.com/safe-buffer/download/safe-buffer-5.2.1.tgz#1eaf9fa9bdb1fdd4ec75f58f9cdb4e6b7827eec6"
  integrity sha1-Hq+fqb2x/dTsdfWPnNtOa3gn7sY=

schema-utils@^3.1.0, schema-utils@^3.1.1:
  version "3.1.1"
  resolved "http://r.npm.sankuai.com/schema-utils/download/schema-utils-3.1.1.tgz#bc74c4b6b6995c1d88f76a8b77bea7219e0c8281"
  integrity sha1-vHTEtraZXB2I92qLd76nIZ4MgoE=
  dependencies:
    "@types/json-schema" "^7.0.8"
    ajv "^6.12.5"
    ajv-keywords "^3.5.2"

serialize-javascript@^6.0.0:
  version "6.0.0"
  resolved "http://r.npm.sankuai.com/serialize-javascript/download/serialize-javascript-6.0.0.tgz#efae5d88f45d7924141da8b5c3a7a7e663fefeb8"
  integrity sha1-765diPRdeSQUHai1w6en5mP+/rg=
  dependencies:
    randombytes "^2.1.0"

shallow-clone@^3.0.0:
  version "3.0.1"
  resolved "http://r.npm.sankuai.com/shallow-clone/download/shallow-clone-3.0.1.tgz#8f2981ad92531f55035b01fb230769a40e02efa3"
  integrity sha1-jymBrZJTH1UDWwH7IwdppA4C76M=
  dependencies:
    kind-of "^6.0.2"

shebang-command@^2.0.0:
  version "2.0.0"
  resolved "http://r.npm.sankuai.com/shebang-command/download/shebang-command-2.0.0.tgz#ccd0af4f8835fbdc265b82461aaf0c36663f34ea"
  integrity sha1-zNCvT4g1+9wmW4JGGq8MNmY/NOo=
  dependencies:
    shebang-regex "^3.0.0"

shebang-regex@^3.0.0:
  version "3.0.0"
  resolved "http://r.npm.sankuai.com/shebang-regex/download/shebang-regex-3.0.0.tgz#ae16f1644d873ecad843b0307b143362d4c42172"
  integrity sha1-rhbxZE2HPsrYQ7AwexQzYtTEIXI=

signal-exit@^3.0.3:
  version "3.0.7"
  resolved "http://r.npm.sankuai.com/signal-exit/download/signal-exit-3.0.7.tgz#a9a1767f8af84155114eaabd73f99273c8f59ad9"
  integrity sha1-qaF2f4r4QVURTqq9c/mSc8j1mtk=

source-list-map@^2.0.1:
  version "2.0.1"
  resolved "http://r.npm.sankuai.com/source-list-map/download/source-list-map-2.0.1.tgz#3993bd873bfc48479cca9ea3a547835c7c154b34"
  integrity sha1-OZO9hzv8SEecyp6jpUeDXHwVSzQ=

source-map-support@~0.5.20:
  version "0.5.21"
  resolved "http://r.npm.sankuai.com/source-map-support/download/source-map-support-0.5.21.tgz#04fe7c7f9e1ed2d662233c28cb2b35b9f63f6e4f"
  integrity sha1-BP58f54e0tZiIzwoyys1ufY/bk8=
  dependencies:
    buffer-from "^1.0.0"
    source-map "^0.6.0"

source-map@^0.6.0, source-map@^0.6.1:
  version "0.6.1"
  resolved "http://r.npm.sankuai.com/source-map/download/source-map-0.6.1.tgz#74722af32e9614e9c287a8d0bbde48b5e2f1a263"
  integrity sha1-dHIq8y6WFOnCh6jQu95IteLxomM=

strip-final-newline@^2.0.0:
  version "2.0.0"
  resolved "http://r.npm.sankuai.com/strip-final-newline/download/strip-final-newline-2.0.0.tgz#89b852fb2fcbe936f6f4b3187afb0a12c1ab58ad"
  integrity sha1-ibhS+y/L6Tb29LMYevsKEsGrWK0=

supports-color@^8.0.0:
  version "8.1.1"
  resolved "http://r.npm.sankuai.com/supports-color/download/supports-color-8.1.1.tgz#cd6fc17e28500cff56c1b86c0a7fd4a54a73005c"
  integrity sha1-zW/BfihQDP9WwbhsCn/UpUpzAFw=
  dependencies:
    has-flag "^4.0.0"

supports-preserve-symlinks-flag@^1.0.0:
  version "1.0.0"
  resolved "http://r.npm.sankuai.com/supports-preserve-symlinks-flag/download/supports-preserve-symlinks-flag-1.0.0.tgz#6eda4bd344a3c94aea376d4cc31bc77311039e09"
  integrity sha1-btpL00SjyUrqN21MwxvHcxEDngk=

swc-loader@^0.1.15:
  version "0.1.15"
  resolved "http://r.npm.sankuai.com/swc-loader/download/swc-loader-0.1.15.tgz#cb9c630ccfbb46dabc5aebc5560cced658e32992"
  integrity sha1-y5xjDM+7Rtq8WuvFVgzO1ljjKZI=
  dependencies:
    loader-utils "^2.0.0"

tapable@^2.1.1, tapable@^2.2.0:
  version "2.2.1"
  resolved "http://r.npm.sankuai.com/tapable/download/tapable-2.2.1.tgz#1967a73ef4060a82f12ab96af86d52fdb76eeca0"
  integrity sha1-GWenPvQGCoLxKrlq+G1S/bdu7KA=

terser-webpack-plugin@^5.1.3:
  version "5.3.3"
  resolved "http://r.npm.sankuai.com/terser-webpack-plugin/download/terser-webpack-plugin-5.3.3.tgz#8033db876dd5875487213e87c627bca323e5ed90"
  integrity sha1-gDPbh23Vh1SHIT6Hxie8oyPl7ZA=
  dependencies:
    "@jridgewell/trace-mapping" "^0.3.7"
    jest-worker "^27.4.5"
    schema-utils "^3.1.1"
    serialize-javascript "^6.0.0"
    terser "^5.7.2"

terser@^5.7.2:
  version "5.14.0"
  resolved "http://r.npm.sankuai.com/terser/download/terser-5.14.0.tgz#eefeec9af5153f55798180ee2617f390bdd285e2"
  integrity sha1-7v7smvUVP1V5gYDuJhfzkL3SheI=
  dependencies:
    "@jridgewell/source-map" "^0.3.2"
    acorn "^8.5.0"
    commander "^2.20.0"
    source-map-support "~0.5.20"

uri-js@^4.2.2:
  version "4.4.1"
  resolved "http://r.npm.sankuai.com/uri-js/download/uri-js-4.4.1.tgz#9b1a52595225859e55f669d928f88c6c57f2a77e"
  integrity sha1-mxpSWVIlhZ5V9mnZKPiMbFfyp34=
  dependencies:
    punycode "^2.1.0"

watchpack@^2.3.1:
  version "2.4.0"
  resolved "http://r.npm.sankuai.com/watchpack/download/watchpack-2.4.0.tgz#fa33032374962c78113f93c7f2fb4c54c9862a5d"
  integrity sha1-+jMDI3SWLHgRP5PH8vtMVMmGKl0=
  dependencies:
    glob-to-regexp "^0.4.1"
    graceful-fs "^4.1.2"

webpack-cli@^4.9.2:
  version "4.9.2"
  resolved "http://r.npm.sankuai.com/webpack-cli/download/webpack-cli-4.9.2.tgz#77c1adaea020c3f9e2db8aad8ea78d235c83659d"
  integrity sha1-d8GtrqAgw/ni24qtjqeNI1yDZZ0=
  dependencies:
    "@discoveryjs/json-ext" "^0.5.0"
    "@webpack-cli/configtest" "^1.1.1"
    "@webpack-cli/info" "^1.4.1"
    "@webpack-cli/serve" "^1.6.1"
    colorette "^2.0.14"
    commander "^7.0.0"
    execa "^5.0.0"
    fastest-levenshtein "^1.0.12"
    import-local "^3.0.2"
    interpret "^2.2.0"
    rechoir "^0.7.0"
    webpack-merge "^5.7.3"

webpack-merge@^5.7.3:
  version "5.8.0"
  resolved "http://r.npm.sankuai.com/webpack-merge/download/webpack-merge-5.8.0.tgz#2b39dbf22af87776ad744c390223731d30a68f61"
  integrity sha1-Kznb8ir4d3atdEw5AiNzHTCmj2E=
  dependencies:
    clone-deep "^4.0.1"
    wildcard "^2.0.0"

webpack-sources@^2.2.0:
  version "2.3.1"
  resolved "http://r.npm.sankuai.com/webpack-sources/download/webpack-sources-2.3.1.tgz#570de0af163949fe272233c2cefe1b56f74511fd"
  integrity sha1-Vw3grxY5Sf4nIjPCzv4bVvdFEf0=
  dependencies:
    source-list-map "^2.0.1"
    source-map "^0.6.1"

webpack-sources@^3.2.3:
  version "3.2.3"
  resolved "http://r.npm.sankuai.com/webpack-sources/download/webpack-sources-3.2.3.tgz#2d4daab8451fd4b240cc27055ff6a0c2ccea0cde"
  integrity sha1-LU2quEUf1LJAzCcFX/agwszqDN4=

webpack@^5.73.0:
  version "5.73.0"
  resolved "http://r.npm.sankuai.com/webpack/download/webpack-5.73.0.tgz#bbd17738f8a53ee5760ea2f59dce7f3431d35d38"
  integrity sha1-u9F3OPilPuV2DqL1nc5/NDHTXTg=
  dependencies:
    "@types/eslint-scope" "^3.7.3"
    "@types/estree" "^0.0.51"
    "@webassemblyjs/ast" "1.11.1"
    "@webassemblyjs/wasm-edit" "1.11.1"
    "@webassemblyjs/wasm-parser" "1.11.1"
    acorn "^8.4.1"
    acorn-import-assertions "^1.7.6"
    browserslist "^4.14.5"
    chrome-trace-event "^1.0.2"
    enhanced-resolve "^5.9.3"
    es-module-lexer "^0.9.0"
    eslint-scope "5.1.1"
    events "^3.2.0"
    glob-to-regexp "^0.4.1"
    graceful-fs "^4.2.9"
    json-parse-even-better-errors "^2.3.1"
    loader-runner "^4.2.0"
    mime-types "^2.1.27"
    neo-async "^2.6.2"
    schema-utils "^3.1.0"
    tapable "^2.1.1"
    terser-webpack-plugin "^5.1.3"
    watchpack "^2.3.1"
    webpack-sources "^3.2.3"

which@^2.0.1:
  version "2.0.2"
  resolved "http://r.npm.sankuai.com/which/download/which-2.0.2.tgz#7c6a8dd0a636a0327e10b59c9286eee93f3f51b1"
  integrity sha1-fGqN0KY2oDJ+ELWckobu6T8/UbE=
  dependencies:
    isexe "^2.0.0"

wildcard@^2.0.0:
  version "2.0.0"
  resolved "http://r.npm.sankuai.com/wildcard/download/wildcard-2.0.0.tgz#a77d20e5200c6faaac979e4b3aadc7b3dd7f8fec"
  integrity sha1-p30g5SAMb6qsl55LOq3Hs91/j+w=
